
Microsoft Visual Studio Solution File, Format Version 12.00
# Visual Studio 15
VisualStudioVersion = 15.0.27004.2005
MinimumVisualStudioVersion = 10.0.40219.1
Project("{FAE04EC0-301F-11D3-BF4B-00C04F79EFBC}") = "TicTacToe", "TicTacToe\TicTacToe.csproj", "{90C27B20-A934-42C4-9C34-230D29EE9024}"
EndProject
Global
	GlobalSection(SolutionConfigurationPlatforms) = preSolution
		Debug|Any CPU = Debug|Any CPU
		Release|Any CPU = Release|Any CPU
	EndGlobalSection
	GlobalSection(ProjectConfigurationPlatforms) = postSolution
		{90C27B20-A934-42C4-9C34-230D29EE9024}.Debug|Any CPU.ActiveCfg = Debug|Any CPU
		{90C27B20-A934-42C4-9C34-230D29EE9024}.Debug|Any CPU.Build.0 = Debug|Any CPU
		{90C27B20-A934-42C4-9C34-230D29EE9024}.Release|Any CPU.ActiveCfg = Release|Any CPU
		{90C27B20-A934-42C4-9C34-230D29EE9024}.Release|Any CPU.Build.0 = Release|Any CPU
	EndGlobalSection
	GlobalSection(SolutionProperties) = preSolution
		HideSolutionNode = FALSE
	EndGlobalSection
	GlobalSection(ExtensibilityGlobals) = postSolution
		SolutionGuid = {FE5BF357-BB9E-4C13-85E3-67585B3B6F1A}
	EndGlobalSection
EndGlobal
